<?xml version="1.0" encoding="utf-8"?>
<Project ToolsVersion="4.0" xmlns="http://schemas.microsoft.com/developer/msbuild/2003">
  <ItemGroup>
    <Filter Include="ソース ファイル">
      <UniqueIdentifier>{4FC737F1-C7A5-4376-A066-2A32D752A2FF}</UniqueIdentifier>
      <Extensions>cpp;c;cc;cxx;def;odl;idl;hpj;bat;asm;asmx</Extensions>
    </Filter>
    <Filter Include="ヘッダー ファイル">
      <UniqueIdentifier>{93995380-89BD-4b04-88EB-625FBE52EBFB}</UniqueIdentifier>
      <Extensions>h;hpp;hxx;hm;inl;inc;xsd</Extensions>
    </Filter>
    <Filter Include="ソース ファイル\simd">
      <UniqueIdentifier>{13db94fd-6d3c-49d6-8ecb-2a69e1369858}</UniqueIdentifier>
    </Filter>
    <Filter Include="ヘッダー ファイル\simd">
      <UniqueIdentifier>{71792c8a-fb0d-4140-9e1b-48b4049e8e60}</UniqueIdentifier>
    </Filter>
    <Filter Include="ソース ファイル\win">
      <UniqueIdentifier>{53c28394-f57b-45bd-849e-f78d2ce3fc65}</UniqueIdentifier>
    </Filter>
  </ItemGroup>
  <ItemGroup>
    <ClCompile Include="jaricom.c">
      <Filter>ソース ファイル</Filter>
    </ClCompile>
    <ClCompile Include="jcapimin.c">
      <Filter>ソース ファイル</Filter>
    </ClCompile>
    <ClCompile Include="jcapistd.c">
      <Filter>ソース ファイル</Filter>
    </ClCompile>
    <ClCompile Include="jcarith.c">
      <Filter>ソース ファイル</Filter>
    </ClCompile>
    <ClCompile Include="jccoefct.c">
      <Filter>ソース ファイル</Filter>
    </ClCompile>
    <ClCompile Include="jccolor.c">
      <Filter>ソース ファイル</Filter>
    </ClCompile>
    <ClCompile Include="jcdctmgr.c">
      <Filter>ソース ファイル</Filter>
    </ClCompile>
    <ClCompile Include="jchuff.c">
      <Filter>ソース ファイル</Filter>
    </ClCompile>
    <ClCompile Include="jcinit.c">
      <Filter>ソース ファイル</Filter>
    </ClCompile>
    <ClCompile Include="jcmainct.c">
      <Filter>ソース ファイル</Filter>
    </ClCompile>
    <ClCompile Include="jcmarker.c">
      <Filter>ソース ファイル</Filter>
    </ClCompile>
    <ClCompile Include="jcmaster.c">
      <Filter>ソース ファイル</Filter>
    </ClCompile>
    <ClCompile Include="jcomapi.c">
      <Filter>ソース ファイル</Filter>
    </ClCompile>
    <ClCompile Include="jcparam.c">
      <Filter>ソース ファイル</Filter>
    </ClCompile>
    <ClCompile Include="jcprepct.c">
      <Filter>ソース ファイル</Filter>
    </ClCompile>
    <ClCompile Include="jcsample.c">
      <Filter>ソース ファイル</Filter>
    </ClCompile>
    <ClCompile Include="jctrans.c">
      <Filter>ソース ファイル</Filter>
    </ClCompile>
    <ClCompile Include="jdapimin.c">
      <Filter>ソース ファイル</Filter>
    </ClCompile>
    <ClCompile Include="jdapistd.c">
      <Filter>ソース ファイル</Filter>
    </ClCompile>
    <ClCompile Include="jdarith.c">
      <Filter>ソース ファイル</Filter>
    </ClCompile>
    <ClCompile Include="jdatadst.c">
      <Filter>ソース ファイル</Filter>
    </ClCompile>
    <ClCompile Include="jdatasrc.c">
      <Filter>ソース ファイル</Filter>
    </ClCompile>
    <ClCompile Include="jdcoefct.c">
      <Filter>ソース ファイル</Filter>
    </ClCompile>
    <ClCompile Include="jdcolor.c">
      <Filter>ソース ファイル</Filter>
    </ClCompile>
    <ClCompile Include="jddctmgr.c">
      <Filter>ソース ファイル</Filter>
    </ClCompile>
    <ClCompile Include="jdhuff.c">
      <Filter>ソース ファイル</Filter>
    </ClCompile>
    <ClCompile Include="jdinput.c">
      <Filter>ソース ファイル</Filter>
    </ClCompile>
    <ClCompile Include="jdmainct.c">
      <Filter>ソース ファイル</Filter>
    </ClCompile>
    <ClCompile Include="jdmarker.c">
      <Filter>ソース ファイル</Filter>
    </ClCompile>
    <ClCompile Include="jdmaster.c">
      <Filter>ソース ファイル</Filter>
    </ClCompile>
    <ClCompile Include="jdmerge.c">
      <Filter>ソース ファイル</Filter>
    </ClCompile>
    <ClCompile Include="jdpostct.c">
      <Filter>ソース ファイル</Filter>
    </ClCompile>
    <ClCompile Include="jdsample.c">
      <Filter>ソース ファイル</Filter>
    </ClCompile>
    <ClCompile Include="jdtrans.c">
      <Filter>ソース ファイル</Filter>
    </ClCompile>
    <ClCompile Include="jerror.c">
      <Filter>ソース ファイル</Filter>
    </ClCompile>
    <ClCompile Include="jfdctflt.c">
      <Filter>ソース ファイル</Filter>
    </ClCompile>
    <ClCompile Include="jfdctfst.c">
      <Filter>ソース ファイル</Filter>
    </ClCompile>
    <ClCompile Include="jfdctint.c">
      <Filter>ソース ファイル</Filter>
    </ClCompile>
    <ClCompile Include="jidctflt.c">
      <Filter>ソース ファイル</Filter>
    </ClCompile>
    <ClCompile Include="jidctfst.c">
      <Filter>ソース ファイル</Filter>
    </ClCompile>
    <ClCompile Include="jidctint.c">
      <Filter>ソース ファイル</Filter>
    </ClCompile>
    <ClCompile Include="jmemmgr.c">
      <Filter>ソース ファイル</Filter>
    </ClCompile>
    <ClCompile Include="jmemnobs.c">
      <Filter>ソース ファイル</Filter>
    </ClCompile>
    <ClCompile Include="jquant1.c">
      <Filter>ソース ファイル</Filter>
    </ClCompile>
    <ClCompile Include="jquant2.c">
      <Filter>ソース ファイル</Filter>
    </ClCompile>
    <ClCompile Include="jutils.c">
      <Filter>ソース ファイル</Filter>
    </ClCompile>
    <ClCompile Include="rdbmp.c">
      <Filter>ソース ファイル</Filter>
    </ClCompile>
    <ClCompile Include="rdcolmap.c">
      <Filter>ソース ファイル</Filter>
    </ClCompile>
    <ClCompile Include="rdgif.c">
      <Filter>ソース ファイル</Filter>
    </ClCompile>
    <ClCompile Include="rdppm.c">
      <Filter>ソース ファイル</Filter>
    </ClCompile>
    <ClCompile Include="rdrle.c">
      <Filter>ソース ファイル</Filter>
    </ClCompile>
    <ClCompile Include="rdswitch.c">
      <Filter>ソース ファイル</Filter>
    </ClCompile>
    <ClCompile Include="rdtarga.c">
      <Filter>ソース ファイル</Filter>
    </ClCompile>
    <ClCompile Include="transupp.c">
      <Filter>ソース ファイル</Filter>
    </ClCompile>
    <ClCompile Include="wrbmp.c">
      <Filter>ソース ファイル</Filter>
    </ClCompile>
    <ClCompile Include="wrgif.c">
      <Filter>ソース ファイル</Filter>
    </ClCompile>
    <ClCompile Include="wrppm.c">
      <Filter>ソース ファイル</Filter>
    </ClCompile>
    <ClCompile Include="wrrle.c">
      <Filter>ソース ファイル</Filter>
    </ClCompile>
    <ClCompile Include="wrtarga.c">
      <Filter>ソース ファイル</Filter>
    </ClCompile>
    <ClCompile Include="jcphuff.c">
      <Filter>ソース ファイル</Filter>
    </ClCompile>
    <ClCompile Include="jdphuff.c">
      <Filter>ソース ファイル</Filter>
    </ClCompile>
    <ClCompile Include="jidctred.c">
      <Filter>ソース ファイル</Filter>
    </ClCompile>
    <ClCompile Include="jsimd_none.c">
      <Filter>ソース ファイル</Filter>
    </ClCompile>
    <ClCompile Include="rdjpgcom.c">
      <Filter>ソース ファイル</Filter>
    </ClCompile>
    <ClCompile Include="simd\jsimd_i386.c">
      <Filter>ソース ファイル\simd</Filter>
    </ClCompile>
    <ClCompile Include="simd\jsimd_x86_64.c">
      <Filter>ソース ファイル\simd</Filter>
    </ClCompile>
  </ItemGroup>
  <ItemGroup>
    <ClInclude Include="cderror.h">
      <Filter>ヘッダー ファイル</Filter>
    </ClInclude>
    <ClInclude Include="cdjpeg.h">
      <Filter>ヘッダー ファイル</Filter>
    </ClInclude>
    <ClInclude Include="jchuff.h">
      <Filter>ヘッダー ファイル</Filter>
    </ClInclude>
    <ClInclude Include="jdct.h">
      <Filter>ヘッダー ファイル</Filter>
    </ClInclude>
    <ClInclude Include="jdhuff.h">
      <Filter>ヘッダー ファイル</Filter>
    </ClInclude>
    <ClInclude Include="jerror.h">
      <Filter>ヘッダー ファイル</Filter>
    </ClInclude>
    <ClInclude Include="jinclude.h">
      <Filter>ヘッダー ファイル</Filter>
    </ClInclude>
    <ClInclude Include="jmemsys.h">
      <Filter>ヘッダー ファイル</Filter>
    </ClInclude>
    <ClInclude Include="jmorecfg.h">
      <Filter>ヘッダー ファイル</Filter>
    </ClInclude>
    <ClInclude Include="jpegcomp.h">
      <Filter>ヘッダー ファイル</Filter>
    </ClInclude>
    <ClInclude Include="jpegint.h">
      <Filter>ヘッダー ファイル</Filter>
    </ClInclude>
    <ClInclude Include="jpeglib.h">
      <Filter>ヘッダー ファイル</Filter>
    </ClInclude>
    <ClInclude Include="jsimd.h">
      <Filter>ヘッダー ファイル</Filter>
    </ClInclude>
    <ClInclude Include="jsimddct.h">
      <Filter>ヘッダー ファイル</Filter>
    </ClInclude>
    <ClInclude Include="jversion.h">
      <Filter>ヘッダー ファイル</Filter>
    </ClInclude>
    <ClInclude Include="transupp.h">
      <Filter>ヘッダー ファイル</Filter>
    </ClInclude>
    <ClInclude Include="simd\jsimd.h">
      <Filter>ヘッダー ファイル\simd</Filter>
    </ClInclude>
    <ClInclude Include="simd\jsimdcfg.inc.h">
      <Filter>ヘッダー ファイル\simd</Filter>
    </ClInclude>
  </ItemGroup>
  <ItemGroup>
    <CustomBuild Include="simd\jisseflt.asm">
      <Filter>ソース ファイル\simd</Filter>
    </CustomBuild>
    <CustomBuild Include="simd\jiss2red.asm">
      <Filter>ソース ファイル\simd</Filter>
    </CustomBuild>
    <CustomBuild Include="simd\jiss2red-64.asm">
      <Filter>ソース ファイル\simd</Filter>
    </CustomBuild>
    <CustomBuild Include="simd\jiss2int.asm">
      <Filter>ソース ファイル\simd</Filter>
    </CustomBuild>
    <CustomBuild Include="simd\jiss2int-64.asm">
      <Filter>ソース ファイル\simd</Filter>
    </CustomBuild>
    <CustomBuild Include="simd\jiss2fst.asm">
      <Filter>ソース ファイル\simd</Filter>
    </CustomBuild>
    <CustomBuild Include="simd\jiss2fst-64.asm">
      <Filter>ソース ファイル\simd</Filter>
    </CustomBuild>
    <CustomBuild Include="simd\jiss2flt.asm">
      <Filter>ソース ファイル\simd</Filter>
    </CustomBuild>
    <CustomBuild Include="simd\jiss2flt-64.asm">
      <Filter>ソース ファイル\simd</Filter>
    </CustomBuild>
    <CustomBuild Include="simd\jimmxred.asm">
      <Filter>ソース ファイル\simd</Filter>
    </CustomBuild>
    <CustomBuild Include="simd\jimmxint.asm">
      <Filter>ソース ファイル\simd</Filter>
    </CustomBuild>
    <CustomBuild Include="simd\jimmxfst.asm">
      <Filter>ソース ファイル\simd</Filter>
    </CustomBuild>
    <CustomBuild Include="simd\ji3dnflt.asm">
      <Filter>ソース ファイル\simd</Filter>
    </CustomBuild>
    <CustomBuild Include="simd\jfsseflt.asm">
      <Filter>ソース ファイル\simd</Filter>
    </CustomBuild>
    <CustomBuild Include="simd\jfsseflt-64.asm">
      <Filter>ソース ファイル\simd</Filter>
    </CustomBuild>
    <CustomBuild Include="simd\jfss2int.asm">
      <Filter>ソース ファイル\simd</Filter>
    </CustomBuild>
    <CustomBuild Include="simd\jfss2int-64.asm">
      <Filter>ソース ファイル\simd</Filter>
    </CustomBuild>
    <CustomBuild Include="simd\jfss2fst.asm">
      <Filter>ソース ファイル\simd</Filter>
    </CustomBuild>
    <CustomBuild Include="simd\jfss2fst-64.asm">
      <Filter>ソース ファイル\simd</Filter>
    </CustomBuild>
    <CustomBuild Include="simd\jfmmxint.asm">
      <Filter>ソース ファイル\simd</Filter>
    </CustomBuild>
    <CustomBuild Include="simd\jfmmxfst.asm">
      <Filter>ソース ファイル\simd</Filter>
    </CustomBuild>
    <CustomBuild Include="simd\jf3dnflt.asm">
      <Filter>ソース ファイル\simd</Filter>
    </CustomBuild>
    <CustomBuild Include="simd\jdsamss2.asm">
      <Filter>ソース ファイル\simd</Filter>
    </CustomBuild>
    <CustomBuild Include="simd\jdsamss2-64.asm">
      <Filter>ソース ファイル\simd</Filter>
    </CustomBuild>
    <CustomBuild Include="simd\jdsammmx.asm">
      <Filter>ソース ファイル\simd</Filter>
    </CustomBuild>
    <CustomBuild Include="simd\jdmerss2.asm">
      <Filter>ソース ファイル\simd</Filter>
    </CustomBuild>
    <CustomBuild Include="simd\jdmerss2-64.asm">
      <Filter>ソース ファイル\simd</Filter>
    </CustomBuild>
    <CustomBuild Include="simd\jdmermmx.asm">
      <Filter>ソース ファイル\simd</Filter>
    </CustomBuild>
    <CustomBuild Include="simd\jdcolss2.asm">
      <Filter>ソース ファイル\simd</Filter>
    </CustomBuild>
    <CustomBuild Include="simd\jdcolss2-64.asm">
      <Filter>ソース ファイル\simd</Filter>
    </CustomBuild>
    <CustomBuild Include="simd\jdcolmmx.asm">
      <Filter>ソース ファイル\simd</Filter>
    </CustomBuild>
    <CustomBuild Include="simd\jcsamss2.asm">
      <Filter>ソース ファイル\simd</Filter>
    </CustomBuild>
    <CustomBuild Include="simd\jcsamss2-64.asm">
      <Filter>ソース ファイル\simd</Filter>
    </CustomBuild>
    <CustomBuild Include="simd\jcsammmx.asm">
      <Filter>ソース ファイル\simd</Filter>
    </CustomBuild>
    <CustomBuild Include="simd\jcqntsse.asm">
      <Filter>ソース ファイル\simd</Filter>
    </CustomBuild>
    <CustomBuild Include="simd\jcqnts2i.asm">
      <Filter>ソース ファイル\simd</Filter>
    </CustomBuild>
    <CustomBuild Include="simd\jcqnts2i-64.asm">
      <Filter>ソース ファイル\simd</Filter>
    </CustomBuild>
    <CustomBuild Include="simd\jcqnts2f.asm">
      <Filter>ソース ファイル\simd</Filter>
    </CustomBuild>
    <CustomBuild Include="simd\jcqnts2f-64.asm">
      <Filter>ソース ファイル\simd</Filter>
    </CustomBuild>
    <CustomBuild Include="simd\jcqntmmx.asm">
      <Filter>ソース ファイル\simd</Filter>
    </CustomBuild>
    <CustomBuild Include="simd\jcqnt3dn.asm">
      <Filter>ソース ファイル\simd</Filter>
    </CustomBuild>
    <CustomBuild Include="simd\jcgrass2.asm">
      <Filter>ソース ファイル\simd</Filter>
    </CustomBuild>
    <CustomBuild Include="simd\jcgrass2-64.asm">
      <Filter>ソース ファイル\simd</Filter>
    </CustomBuild>
    <CustomBuild Include="simd\jcgrammx.asm">
      <Filter>ソース ファイル\simd</Filter>
    </CustomBuild>
    <CustomBuild Include="simd\jccolss2.asm">
      <Filter>ソース ファイル\simd</Filter>
    </CustomBuild>
    <CustomBuild Include="simd\jccolss2-64.asm">
      <Filter>ソース ファイル\simd</Filter>
    </CustomBuild>
    <CustomBuild Include="simd\jccolmmx.asm">
      <Filter>ソース ファイル\simd</Filter>
    </CustomBuild>
    <CustomBuild Include="simd\jsimdcpu.asm">
      <Filter>ソース ファイル\simd</Filter>
    </CustomBuild>
  </ItemGroup>
  <ItemGroup>
    <None Include="simd\jsimdext.inc">
      <Filter>ソース ファイル\simd</Filter>
    </None>
    <None Include="simd\jcolsamp.inc">
      <Filter>ソース ファイル\simd</Filter>
    </None>
    <None Include="simd\jdct.inc">
      <Filter>ソース ファイル\simd</Filter>
    </None>
    <None Include="win\jsimdcfg.inc">
      <Filter>ソース ファイル\win</Filter>
    </None>
  </ItemGroup>
</Project>