
Microsoft Visual Studio Solution File, Format Version 9.00
# Visual Studio 2005
Project("{8BC9CEB8-8B4A-11D0-8D11-00A0C91BC942}") = "TVTest", "TVTest.vcproj", "{88CAD0EE-D7F6-412D-8691-D1FF19534587}"
EndProject
Project("{8BC9CEB8-8B4A-11D0-8D11-00A0C91BC942}") = "TVTest_KeyHook", "TVTest_KeyHook\TVTest_KeyHook.vcproj", "{4FF4BAED-FBAA-44A1-B797-FF9132274017}"
EndProject
Project("{8BC9CEB8-8B4A-11D0-8D11-00A0C91BC942}") = "TVH264", "TVH264.vcproj", "{A447A794-452A-4CA9-8A87-1BDB84D5CB7B}"
EndProject
Global
	GlobalSection(SolutionConfigurationPlatforms) = preSolution
		Debug|Win32 = Debug|Win32
		Release_PGO|Win32 = Release_PGO|Win32
		Release|Win32 = Release|Win32
	EndGlobalSection
	GlobalSection(ProjectConfigurationPlatforms) = postSolution
		{88CAD0EE-D7F6-412D-8691-D1FF19534587}.Debug|Win32.ActiveCfg = Debug|Win32
		{88CAD0EE-D7F6-412D-8691-D1FF19534587}.Debug|Win32.Build.0 = Debug|Win32
		{88CAD0EE-D7F6-412D-8691-D1FF19534587}.Release_PGO|Win32.ActiveCfg = Release_PGO|Win32
		{88CAD0EE-D7F6-412D-8691-D1FF19534587}.Release_PGO|Win32.Build.0 = Release_PGO|Win32
		{88CAD0EE-D7F6-412D-8691-D1FF19534587}.Release|Win32.ActiveCfg = Release|Win32
		{88CAD0EE-D7F6-412D-8691-D1FF19534587}.Release|Win32.Build.0 = Release|Win32
		{4FF4BAED-FBAA-44A1-B797-FF9132274017}.Debug|Win32.ActiveCfg = Debug|Win32
		{4FF4BAED-FBAA-44A1-B797-FF9132274017}.Debug|Win32.Build.0 = Debug|Win32
		{4FF4BAED-FBAA-44A1-B797-FF9132274017}.Release_PGO|Win32.ActiveCfg = Release|Win32
		{4FF4BAED-FBAA-44A1-B797-FF9132274017}.Release_PGO|Win32.Build.0 = Release|Win32
		{4FF4BAED-FBAA-44A1-B797-FF9132274017}.Release|Win32.ActiveCfg = Release|Win32
		{4FF4BAED-FBAA-44A1-B797-FF9132274017}.Release|Win32.Build.0 = Release|Win32
		{A447A794-452A-4CA9-8A87-1BDB84D5CB7B}.Debug|Win32.ActiveCfg = Debug|Win32
		{A447A794-452A-4CA9-8A87-1BDB84D5CB7B}.Debug|Win32.Build.0 = Debug|Win32
		{A447A794-452A-4CA9-8A87-1BDB84D5CB7B}.Release_PGO|Win32.ActiveCfg = Release_PGO|Win32
		{A447A794-452A-4CA9-8A87-1BDB84D5CB7B}.Release_PGO|Win32.Build.0 = Release_PGO|Win32
		{A447A794-452A-4CA9-8A87-1BDB84D5CB7B}.Release|Win32.ActiveCfg = Release|Win32
		{A447A794-452A-4CA9-8A87-1BDB84D5CB7B}.Release|Win32.Build.0 = Release|Win32
	EndGlobalSection
	GlobalSection(SolutionProperties) = preSolution
		HideSolutionNode = FALSE
	EndGlobalSection
EndGlobal
